
Microsoft Visual Studio Solution File, Format Version 12.00
# Visual Studio Version 17
VisualStudioVersion = 17.8.34330.188
MinimumVisualStudioVersion = 10.0.40219.1
Project("{8BC9CEB8-8B4A-11D0-8D11-00A0C91BC942}") = "SE_Lab06", "SE_Lab06\SE_Lab06.vcxproj", "{9BD990CA-B6EA-4DDA-9E59-D5AC459B5272}"
EndProject
Project("{8BC9CEB8-8B4A-11D0-8D11-00A0C91BC942}") = "SE_Lab06L", "SE_Lab06L\SE_Lab06L.vcxproj", "{107C273F-91BB-46E6-8855-C22853A93958}"
EndProject
Global
	GlobalSection(SolutionConfigurationPlatforms) = preSolution
		Debug|x64 = Debug|x64
		Debug|x86 = Debug|x86
		Release|x64 = Release|x64
		Release|x86 = Release|x86
	EndGlobalSection
	GlobalSection(ProjectConfigurationPlatforms) = postSolution
		{9BD990CA-B6EA-4DDA-9E59-D5AC459B5272}.Debug|x64.ActiveCfg = Debug|x64
		{9BD990CA-B6EA-4DDA-9E59-D5AC459B5272}.Debug|x64.Build.0 = Debug|x64
		{9BD990CA-B6EA-4DDA-9E59-D5AC459B5272}.Debug|x86.ActiveCfg = Debug|Win32
		{9BD990CA-B6EA-4DDA-9E59-D5AC459B5272}.Debug|x86.Build.0 = Debug|Win32
		{9BD990CA-B6EA-4DDA-9E59-D5AC459B5272}.Release|x64.ActiveCfg = Release|x64
		{9BD990CA-B6EA-4DDA-9E59-D5AC459B5272}.Release|x64.Build.0 = Release|x64
		{9BD990CA-B6EA-4DDA-9E59-D5AC459B5272}.Release|x86.ActiveCfg = Release|Win32
		{9BD990CA-B6EA-4DDA-9E59-D5AC459B5272}.Release|x86.Build.0 = Release|Win32
		{107C273F-91BB-46E6-8855-C22853A93958}.Debug|x64.ActiveCfg = Debug|x64
		{107C273F-91BB-46E6-8855-C22853A93958}.Debug|x64.Build.0 = Debug|x64
		{107C273F-91BB-46E6-8855-C22853A93958}.Debug|x86.ActiveCfg = Debug|Win32
		{107C273F-91BB-46E6-8855-C22853A93958}.Debug|x86.Build.0 = Debug|Win32
		{107C273F-91BB-46E6-8855-C22853A93958}.Release|x64.ActiveCfg = Release|x64
		{107C273F-91BB-46E6-8855-C22853A93958}.Release|x64.Build.0 = Release|x64
		{107C273F-91BB-46E6-8855-C22853A93958}.Release|x86.ActiveCfg = Release|Win32
		{107C273F-91BB-46E6-8855-C22853A93958}.Release|x86.Build.0 = Release|Win32
	EndGlobalSection
	GlobalSection(SolutionProperties) = preSolution
		HideSolutionNode = FALSE
	EndGlobalSection
	GlobalSection(ExtensibilityGlobals) = postSolution
		SolutionGuid = {71FFFBFC-5672-416C-8F07-F73F457A45DC}
	EndGlobalSection
EndGlobal
